
Microsoft Visual Studio Solution File, Format Version 12.00
# Visual Studio Version 17
VisualStudioVersion = 17.1.32328.378
MinimumVisualStudioVersion = 10.0.40219.1
Project("{9A19103F-16F7-4668-BE54-9A1E7A4F7556}") = "NewApp", "NewApp.csproj", "{4331ABB4-0FCE-4F40-BC72-6142ED964E68}"
EndProject
Global
	GlobalSection(SolutionConfigurationPlatforms) = preSolution
		Debug|Any CPU = Debug|Any CPU
		Release|Any CPU = Release|Any CPU
	EndGlobalSection
	GlobalSection(ProjectConfigurationPlatforms) = postSolution
		{4331ABB4-0FCE-4F40-BC72-6142ED964E68}.Debug|Any CPU.ActiveCfg = Debug|Any CPU
		{4331ABB4-0FCE-4F40-BC72-6142ED964E68}.Debug|Any CPU.Build.0 = Debug|Any CPU
		{4331ABB4-0FCE-4F40-BC72-6142ED964E68}.Release|Any CPU.ActiveCfg = Release|Any CPU
		{4331ABB4-0FCE-4F40-BC72-6142ED964E68}.Release|Any CPU.Build.0 = Release|Any CPU
	EndGlobalSection
	GlobalSection(SolutionProperties) = preSolution
		HideSolutionNode = FALSE
	EndGlobalSection
	GlobalSection(ExtensibilityGlobals) = postSolution
		SolutionGuid = {3DCF2BD3-BC07-4729-9369-5856C7DDDE79}
	EndGlobalSection
EndGlobal
